
Microsoft Visual Studio Solution File, Format Version 12.00
# Visual Studio Version 17
VisualStudioVersion = 17.0.31903.59
MinimumVisualStudioVersion = 10.0.40219.1
Project("{FAE04EC0-301F-11D3-BF4B-00C04F79EFBC}") = "BaseValueObjects", "BaseValueObjects\BaseValueObjects.csproj", "{B9B4505D-6F9D-41BE-A8EC-F579B8569A5D}"
EndProject
Project("{FAE04EC0-301F-11D3-BF4B-00C04F79EFBC}") = "BaseValueObjects.Tests", "BaseValueObjects.Tests\BaseValueObjects.Tests.csproj", "{A12F3DC2-2F1A-4004-BBBE-0115EBAE9318}"
EndProject
Global
	GlobalSection(SolutionConfigurationPlatforms) = preSolution
		Debug|Any CPU = Debug|Any CPU
		Release|Any CPU = Release|Any CPU
	EndGlobalSection
	GlobalSection(SolutionProperties) = preSolution
		HideSolutionNode = FALSE
	EndGlobalSection
	GlobalSection(ProjectConfigurationPlatforms) = postSolution
		{B9B4505D-6F9D-41BE-A8EC-F579B8569A5D}.Debug|Any CPU.ActiveCfg = Debug|Any CPU
		{B9B4505D-6F9D-41BE-A8EC-F579B8569A5D}.Debug|Any CPU.Build.0 = Debug|Any CPU
		{B9B4505D-6F9D-41BE-A8EC-F579B8569A5D}.Release|Any CPU.ActiveCfg = Release|Any CPU
		{B9B4505D-6F9D-41BE-A8EC-F579B8569A5D}.Release|Any CPU.Build.0 = Release|Any CPU
		{A12F3DC2-2F1A-4004-BBBE-0115EBAE9318}.Debug|Any CPU.ActiveCfg = Debug|Any CPU
		{A12F3DC2-2F1A-4004-BBBE-0115EBAE9318}.Debug|Any CPU.Build.0 = Debug|Any CPU
		{A12F3DC2-2F1A-4004-BBBE-0115EBAE9318}.Release|Any CPU.ActiveCfg = Release|Any CPU
		{A12F3DC2-2F1A-4004-BBBE-0115EBAE9318}.Release|Any CPU.Build.0 = Release|Any CPU
	EndGlobalSection
EndGlobal
